
Microsoft Visual Studio Solution File, Format Version 12.00
# Visual Studio Version 16
VisualStudioVersion = 16.0.29009.5
MinimumVisualStudioVersion = 10.0.40219.1
Project("{8BC9CEB8-8B4A-11D0-8D11-00A0C91BC942}") = "plist", "libplist.vcxproj", "{75352A45-BCB8-4774-8C66-3AF9EA6B6B42}"
EndProject
Project("{8BC9CEB8-8B4A-11D0-8D11-00A0C91BC942}") = "usbmuxd", "libusbmuxd.vcxproj", "{527AE686-CD0E-4BC2-9B0F-4BC4CF9621E0}"
	ProjectSection(ProjectDependencies) = postProject
		{75352A45-BCB8-4774-8C66-3AF9EA6B6B42} = {75352A45-BCB8-4774-8C66-3AF9EA6B6B42}
	EndProjectSection
EndProject
Project("{8BC9CEB8-8B4A-11D0-8D11-00A0C91BC942}") = "imobiledevice", "imobiledevice.vcxproj", "{EE16E7F2-AC27-4E30-AB22-B02A9C2380B4}"
	ProjectSection(ProjectDependencies) = postProject
		{75352A45-BCB8-4774-8C66-3AF9EA6B6B42} = {75352A45-BCB8-4774-8C66-3AF9EA6B6B42}
		{527AE686-CD0E-4BC2-9B0F-4BC4CF9621E0} = {527AE686-CD0E-4BC2-9B0F-4BC4CF9621E0}
	EndProjectSection
EndProject
Project("{8BC9CEB8-8B4A-11D0-8D11-00A0C91BC942}") = "idevicename", "idevicename.vcxproj", "{E34CB3B0-C129-4543-A689-888562563965}"
	ProjectSection(ProjectDependencies) = postProject
		{75352A45-BCB8-4774-8C66-3AF9EA6B6B42} = {75352A45-BCB8-4774-8C66-3AF9EA6B6B42}
		{527AE686-CD0E-4BC2-9B0F-4BC4CF9621E0} = {527AE686-CD0E-4BC2-9B0F-4BC4CF9621E0}
		{EE16E7F2-AC27-4E30-AB22-B02A9C2380B4} = {EE16E7F2-AC27-4E30-AB22-B02A9C2380B4}
	EndProjectSection
EndProject
Project("{8BC9CEB8-8B4A-11D0-8D11-00A0C91BC942}") = "idevicebackup2", "idevicebackup2.vcxproj", "{52368076-4DE4-41E9-BFF0-90BC12F0D437}"
	ProjectSection(ProjectDependencies) = postProject
		{75352A45-BCB8-4774-8C66-3AF9EA6B6B42} = {75352A45-BCB8-4774-8C66-3AF9EA6B6B42}
		{527AE686-CD0E-4BC2-9B0F-4BC4CF9621E0} = {527AE686-CD0E-4BC2-9B0F-4BC4CF9621E0}
		{EE16E7F2-AC27-4E30-AB22-B02A9C2380B4} = {EE16E7F2-AC27-4E30-AB22-B02A9C2380B4}
	EndProjectSection
EndProject
Project("{8BC9CEB8-8B4A-11D0-8D11-00A0C91BC942}") = "idevice_id", "idevice_id.vcxproj", "{C54326D2-6D5C-4EF0-B25D-BB77BB274189}"
	ProjectSection(ProjectDependencies) = postProject
		{75352A45-BCB8-4774-8C66-3AF9EA6B6B42} = {75352A45-BCB8-4774-8C66-3AF9EA6B6B42}
		{527AE686-CD0E-4BC2-9B0F-4BC4CF9621E0} = {527AE686-CD0E-4BC2-9B0F-4BC4CF9621E0}
		{EE16E7F2-AC27-4E30-AB22-B02A9C2380B4} = {EE16E7F2-AC27-4E30-AB22-B02A9C2380B4}
	EndProjectSection
EndProject
Project("{8BC9CEB8-8B4A-11D0-8D11-00A0C91BC942}") = "idevicebackup", "idevicebackup.vcxproj", "{B247A077-4411-4EE1-AB2C-04C1EED36D76}"
	ProjectSection(ProjectDependencies) = postProject
		{75352A45-BCB8-4774-8C66-3AF9EA6B6B42} = {75352A45-BCB8-4774-8C66-3AF9EA6B6B42}
		{527AE686-CD0E-4BC2-9B0F-4BC4CF9621E0} = {527AE686-CD0E-4BC2-9B0F-4BC4CF9621E0}
		{EE16E7F2-AC27-4E30-AB22-B02A9C2380B4} = {EE16E7F2-AC27-4E30-AB22-B02A9C2380B4}
	EndProjectSection
EndProject
Project("{8BC9CEB8-8B4A-11D0-8D11-00A0C91BC942}") = "idevicecrashreport", "idevicecrashreport.vcxproj", "{C99EF8F0-4A17-4503-9972-8BB9BD107CA1}"
	ProjectSection(ProjectDependencies) = postProject
		{75352A45-BCB8-4774-8C66-3AF9EA6B6B42} = {75352A45-BCB8-4774-8C66-3AF9EA6B6B42}
		{527AE686-CD0E-4BC2-9B0F-4BC4CF9621E0} = {527AE686-CD0E-4BC2-9B0F-4BC4CF9621E0}
		{EE16E7F2-AC27-4E30-AB22-B02A9C2380B4} = {EE16E7F2-AC27-4E30-AB22-B02A9C2380B4}
	EndProjectSection
EndProject
Project("{8BC9CEB8-8B4A-11D0-8D11-00A0C91BC942}") = "idevicedate", "idevicedate.vcxproj", "{14001AA3-707D-4C20-9343-4A50114F9575}"
	ProjectSection(ProjectDependencies) = postProject
		{75352A45-BCB8-4774-8C66-3AF9EA6B6B42} = {75352A45-BCB8-4774-8C66-3AF9EA6B6B42}
		{527AE686-CD0E-4BC2-9B0F-4BC4CF9621E0} = {527AE686-CD0E-4BC2-9B0F-4BC4CF9621E0}
		{EE16E7F2-AC27-4E30-AB22-B02A9C2380B4} = {EE16E7F2-AC27-4E30-AB22-B02A9C2380B4}
	EndProjectSection
EndProject
Project("{8BC9CEB8-8B4A-11D0-8D11-00A0C91BC942}") = "idevicedebug", "idevicedebug.vcxproj", "{05E490B5-F525-4B81-B588-AD9807340F0E}"
	ProjectSection(ProjectDependencies) = postProject
		{75352A45-BCB8-4774-8C66-3AF9EA6B6B42} = {75352A45-BCB8-4774-8C66-3AF9EA6B6B42}
		{527AE686-CD0E-4BC2-9B0F-4BC4CF9621E0} = {527AE686-CD0E-4BC2-9B0F-4BC4CF9621E0}
		{EE16E7F2-AC27-4E30-AB22-B02A9C2380B4} = {EE16E7F2-AC27-4E30-AB22-B02A9C2380B4}
	EndProjectSection
EndProject
Project("{8BC9CEB8-8B4A-11D0-8D11-00A0C91BC942}") = "idevicediagnostics", "idevicediagnostics.vcxproj", "{D7FBC644-E3BA-4BEE-B896-6F81D9EEB020}"
	ProjectSection(ProjectDependencies) = postProject
		{75352A45-BCB8-4774-8C66-3AF9EA6B6B42} = {75352A45-BCB8-4774-8C66-3AF9EA6B6B42}
		{527AE686-CD0E-4BC2-9B0F-4BC4CF9621E0} = {527AE686-CD0E-4BC2-9B0F-4BC4CF9621E0}
		{EE16E7F2-AC27-4E30-AB22-B02A9C2380B4} = {EE16E7F2-AC27-4E30-AB22-B02A9C2380B4}
	EndProjectSection
EndProject
Project("{8BC9CEB8-8B4A-11D0-8D11-00A0C91BC942}") = "ideviceimagemounter", "ideviceimagemounter.vcxproj", "{CB4C173A-4F2E-4A63-9BA3-5F130B43604B}"
	ProjectSection(ProjectDependencies) = postProject
		{75352A45-BCB8-4774-8C66-3AF9EA6B6B42} = {75352A45-BCB8-4774-8C66-3AF9EA6B6B42}
		{527AE686-CD0E-4BC2-9B0F-4BC4CF9621E0} = {527AE686-CD0E-4BC2-9B0F-4BC4CF9621E0}
		{EE16E7F2-AC27-4E30-AB22-B02A9C2380B4} = {EE16E7F2-AC27-4E30-AB22-B02A9C2380B4}
	EndProjectSection
EndProject
Project("{8BC9CEB8-8B4A-11D0-8D11-00A0C91BC942}") = "ideviceinfo", "ideviceinfo.vcxproj", "{EF0F59A3-0EE9-44CE-9457-B621B6FC50EB}"
	ProjectSection(ProjectDependencies) = postProject
		{75352A45-BCB8-4774-8C66-3AF9EA6B6B42} = {75352A45-BCB8-4774-8C66-3AF9EA6B6B42}
		{527AE686-CD0E-4BC2-9B0F-4BC4CF9621E0} = {527AE686-CD0E-4BC2-9B0F-4BC4CF9621E0}
		{EE16E7F2-AC27-4E30-AB22-B02A9C2380B4} = {EE16E7F2-AC27-4E30-AB22-B02A9C2380B4}
	EndProjectSection
EndProject
Project("{8BC9CEB8-8B4A-11D0-8D11-00A0C91BC942}") = "idevicepair", "idevicepair.vcxproj", "{C295C08A-5ACD-4244-A519-B567CE13D345}"
	ProjectSection(ProjectDependencies) = postProject
		{75352A45-BCB8-4774-8C66-3AF9EA6B6B42} = {75352A45-BCB8-4774-8C66-3AF9EA6B6B42}
		{527AE686-CD0E-4BC2-9B0F-4BC4CF9621E0} = {527AE686-CD0E-4BC2-9B0F-4BC4CF9621E0}
		{EE16E7F2-AC27-4E30-AB22-B02A9C2380B4} = {EE16E7F2-AC27-4E30-AB22-B02A9C2380B4}
	EndProjectSection
EndProject
Project("{8BC9CEB8-8B4A-11D0-8D11-00A0C91BC942}") = "ideviceprovision", "ideviceprovision.vcxproj", "{2A7EF89F-D254-4D6D-8563-F4C3504AB4A7}"
	ProjectSection(ProjectDependencies) = postProject
		{75352A45-BCB8-4774-8C66-3AF9EA6B6B42} = {75352A45-BCB8-4774-8C66-3AF9EA6B6B42}
		{527AE686-CD0E-4BC2-9B0F-4BC4CF9621E0} = {527AE686-CD0E-4BC2-9B0F-4BC4CF9621E0}
		{EE16E7F2-AC27-4E30-AB22-B02A9C2380B4} = {EE16E7F2-AC27-4E30-AB22-B02A9C2380B4}
	EndProjectSection
EndProject
Project("{8BC9CEB8-8B4A-11D0-8D11-00A0C91BC942}") = "idevicenotificationproxy", "idevicenotificationproxy.vcxproj", "{53C55478-5683-42D2-9A6F-D5998D1D0ECC}"
	ProjectSection(ProjectDependencies) = postProject
		{75352A45-BCB8-4774-8C66-3AF9EA6B6B42} = {75352A45-BCB8-4774-8C66-3AF9EA6B6B42}
		{527AE686-CD0E-4BC2-9B0F-4BC4CF9621E0} = {527AE686-CD0E-4BC2-9B0F-4BC4CF9621E0}
		{EE16E7F2-AC27-4E30-AB22-B02A9C2380B4} = {EE16E7F2-AC27-4E30-AB22-B02A9C2380B4}
	EndProjectSection
EndProject
Project("{8BC9CEB8-8B4A-11D0-8D11-00A0C91BC942}") = "idevicescreenshot", "idevicescreenshot.vcxproj", "{C524F5B4-EDB1-4622-8EA5-8CA9DFACA09D}"
	ProjectSection(ProjectDependencies) = postProject
		{75352A45-BCB8-4774-8C66-3AF9EA6B6B42} = {75352A45-BCB8-4774-8C66-3AF9EA6B6B42}
		{527AE686-CD0E-4BC2-9B0F-4BC4CF9621E0} = {527AE686-CD0E-4BC2-9B0F-4BC4CF9621E0}
		{EE16E7F2-AC27-4E30-AB22-B02A9C2380B4} = {EE16E7F2-AC27-4E30-AB22-B02A9C2380B4}
	EndProjectSection
EndProject
Project("{8BC9CEB8-8B4A-11D0-8D11-00A0C91BC942}") = "idevicesyslog", "idevicesyslog.vcxproj", "{D5F1A4D4-C23A-47EF-91E9-E2C08F6E31B2}"
	ProjectSection(ProjectDependencies) = postProject
		{75352A45-BCB8-4774-8C66-3AF9EA6B6B42} = {75352A45-BCB8-4774-8C66-3AF9EA6B6B42}
		{527AE686-CD0E-4BC2-9B0F-4BC4CF9621E0} = {527AE686-CD0E-4BC2-9B0F-4BC4CF9621E0}
		{EE16E7F2-AC27-4E30-AB22-B02A9C2380B4} = {EE16E7F2-AC27-4E30-AB22-B02A9C2380B4}
	EndProjectSection
EndProject
Project("{8BC9CEB8-8B4A-11D0-8D11-00A0C91BC942}") = "ideviceinstaller", "ideviceinstaller.vcxproj", "{10E88C2B-E98B-4EAA-AA34-9CA59136BBFD}"
	ProjectSection(ProjectDependencies) = postProject
		{75352A45-BCB8-4774-8C66-3AF9EA6B6B42} = {75352A45-BCB8-4774-8C66-3AF9EA6B6B42}
		{527AE686-CD0E-4BC2-9B0F-4BC4CF9621E0} = {527AE686-CD0E-4BC2-9B0F-4BC4CF9621E0}
		{EE16E7F2-AC27-4E30-AB22-B02A9C2380B4} = {EE16E7F2-AC27-4E30-AB22-B02A9C2380B4}
	EndProjectSection
EndProject
Project("{2150E333-8FDC-42A3-9474-1A3956D46DE8}") = "build", "build", "{EDA94425-DDD6-4DD0-AB80-5B3ED502A551}"
	ProjectSection(SolutionItems) = preProject
		azure-pipelines.yml = azure-pipelines.yml
		build-unix.yaml = build-unix.yaml
		get-source.cmd = get-source.cmd
		get-source.sh = get-source.sh
	EndProjectSection
EndProject
Project("{8BC9CEB8-8B4A-11D0-8D11-00A0C91BC942}") = "libirecovery", "libirecovery.vcxproj", "{1F5B7A30-B170-4D4C-89F8-33E4A24CF9CE}"
	ProjectSection(ProjectDependencies) = postProject
		{75352A45-BCB8-4774-8C66-3AF9EA6B6B42} = {75352A45-BCB8-4774-8C66-3AF9EA6B6B42}
		{527AE686-CD0E-4BC2-9B0F-4BC4CF9621E0} = {527AE686-CD0E-4BC2-9B0F-4BC4CF9621E0}
		{EE16E7F2-AC27-4E30-AB22-B02A9C2380B4} = {EE16E7F2-AC27-4E30-AB22-B02A9C2380B4}
	EndProjectSection
EndProject
Project("{8BC9CEB8-8B4A-11D0-8D11-00A0C91BC942}") = "idevicerestore", "idevicerestore.vcxproj", "{85BB4A0B-C219-42A5-BDA1-79CF05B5A5A1}"
	ProjectSection(ProjectDependencies) = postProject
		{1F5B7A30-B170-4D4C-89F8-33E4A24CF9CE} = {1F5B7A30-B170-4D4C-89F8-33E4A24CF9CE}
	EndProjectSection
EndProject
Project("{8BC9CEB8-8B4A-11D0-8D11-00A0C91BC942}") = "usbmuxd", "usbmuxd.vcxproj", "{E775C6D0-C295-4D09-9ADC-60FC95526993}"
	ProjectSection(ProjectDependencies) = postProject
		{75352A45-BCB8-4774-8C66-3AF9EA6B6B42} = {75352A45-BCB8-4774-8C66-3AF9EA6B6B42}
		{527AE686-CD0E-4BC2-9B0F-4BC4CF9621E0} = {527AE686-CD0E-4BC2-9B0F-4BC4CF9621E0}
		{EE16E7F2-AC27-4E30-AB22-B02A9C2380B4} = {EE16E7F2-AC27-4E30-AB22-B02A9C2380B4}
	EndProjectSection
EndProject
Project("{2150E333-8FDC-42A3-9474-1A3956D46DE8}") = "tools", "tools", "{BD71AAE2-2013-4CBF-A6C8-8FEA7ECDC77D}"
EndProject
Project("{2150E333-8FDC-42A3-9474-1A3956D46DE8}") = "libraries", "libraries", "{3D82DA5A-AC7F-42CC-8F68-0B7D701C1140}"
EndProject
Project("{8BC9CEB8-8B4A-11D0-8D11-00A0C91BC942}") = "idevicedebugserverproxy", "idevicedebugserverproxy.vcxproj", "{9A38E78A-971B-4D7B-89F3-5A05B517EA76}"
EndProject
Project("{8BC9CEB8-8B4A-11D0-8D11-00A0C91BC942}") = "ideviceactivation", "libideviceactivation.vcxproj", "{6F22FD3C-EAC0-4BF0-A7DE-3B92695666EB}"
	ProjectSection(ProjectDependencies) = postProject
		{75352A45-BCB8-4774-8C66-3AF9EA6B6B42} = {75352A45-BCB8-4774-8C66-3AF9EA6B6B42}
		{527AE686-CD0E-4BC2-9B0F-4BC4CF9621E0} = {527AE686-CD0E-4BC2-9B0F-4BC4CF9621E0}
		{EE16E7F2-AC27-4E30-AB22-B02A9C2380B4} = {EE16E7F2-AC27-4E30-AB22-B02A9C2380B4}
	EndProjectSection
EndProject
Project("{8BC9CEB8-8B4A-11D0-8D11-00A0C91BC942}") = "ideviceactivation", "ideviceactivation.vcxproj", "{691929A2-CBD1-4DC4-AB0B-AEE444EF6A68}"
	ProjectSection(ProjectDependencies) = postProject
		{6F22FD3C-EAC0-4BF0-A7DE-3B92695666EB} = {6F22FD3C-EAC0-4BF0-A7DE-3B92695666EB}
		{75352A45-BCB8-4774-8C66-3AF9EA6B6B42} = {75352A45-BCB8-4774-8C66-3AF9EA6B6B42}
	EndProjectSection
EndProject
Project("{8BC9CEB8-8B4A-11D0-8D11-00A0C91BC942}") = "plist_cmp", "plist_cmp.vcxproj", "{1B0DA277-255F-4E73-AC59-5EE204E15811}"
	ProjectSection(ProjectDependencies) = postProject
		{75352A45-BCB8-4774-8C66-3AF9EA6B6B42} = {75352A45-BCB8-4774-8C66-3AF9EA6B6B42}
	EndProjectSection
EndProject
Project("{8BC9CEB8-8B4A-11D0-8D11-00A0C91BC942}") = "plist_test", "plist_test.vcxproj", "{838A6A6C-5CDC-4A4E-B9EE-409709DC5188}"
	ProjectSection(ProjectDependencies) = postProject
		{75352A45-BCB8-4774-8C66-3AF9EA6B6B42} = {75352A45-BCB8-4774-8C66-3AF9EA6B6B42}
	EndProjectSection
EndProject
Project("{8BC9CEB8-8B4A-11D0-8D11-00A0C91BC942}") = "plistutil", "plistutil.vcxproj", "{8A0C3E13-8F0C-44AC-BE42-B6FBACC8A841}"
	ProjectSection(ProjectDependencies) = postProject
		{75352A45-BCB8-4774-8C66-3AF9EA6B6B42} = {75352A45-BCB8-4774-8C66-3AF9EA6B6B42}
	EndProjectSection
EndProject
Project("{8BC9CEB8-8B4A-11D0-8D11-00A0C91BC942}") = "iproxy", "iproxy.vcxproj", "{64C34ED6-EC5F-4690-B91D-393444071601}"
EndProject
Project("{8BC9CEB8-8B4A-11D0-8D11-00A0C91BC942}") = "irecovery", "irecovery.vcxproj", "{E6694D68-7D6C-4540-9833-E90B535B0CD3}"
EndProject
Global
	GlobalSection(SolutionConfigurationPlatforms) = preSolution
		Debug|x64 = Debug|x64
		Debug|x86 = Debug|x86
		Release|x64 = Release|x64
		Release|x86 = Release|x86
	EndGlobalSection
	GlobalSection(ProjectConfigurationPlatforms) = postSolution
		{75352A45-BCB8-4774-8C66-3AF9EA6B6B42}.Debug|x64.ActiveCfg = Debug|x64
		{75352A45-BCB8-4774-8C66-3AF9EA6B6B42}.Debug|x64.Build.0 = Debug|x64
		{75352A45-BCB8-4774-8C66-3AF9EA6B6B42}.Debug|x86.ActiveCfg = Debug|Win32
		{75352A45-BCB8-4774-8C66-3AF9EA6B6B42}.Debug|x86.Build.0 = Debug|Win32
		{75352A45-BCB8-4774-8C66-3AF9EA6B6B42}.Release|x64.ActiveCfg = Release|x64
		{75352A45-BCB8-4774-8C66-3AF9EA6B6B42}.Release|x64.Build.0 = Release|x64
		{75352A45-BCB8-4774-8C66-3AF9EA6B6B42}.Release|x86.ActiveCfg = Release|Win32
		{75352A45-BCB8-4774-8C66-3AF9EA6B6B42}.Release|x86.Build.0 = Release|Win32
		{527AE686-CD0E-4BC2-9B0F-4BC4CF9621E0}.Debug|x64.ActiveCfg = Debug|x64
		{527AE686-CD0E-4BC2-9B0F-4BC4CF9621E0}.Debug|x64.Build.0 = Debug|x64
		{527AE686-CD0E-4BC2-9B0F-4BC4CF9621E0}.Debug|x86.ActiveCfg = Debug|Win32
		{527AE686-CD0E-4BC2-9B0F-4BC4CF9621E0}.Debug|x86.Build.0 = Debug|Win32
		{527AE686-CD0E-4BC2-9B0F-4BC4CF9621E0}.Release|x64.ActiveCfg = Release|x64
		{527AE686-CD0E-4BC2-9B0F-4BC4CF9621E0}.Release|x64.Build.0 = Release|x64
		{527AE686-CD0E-4BC2-9B0F-4BC4CF9621E0}.Release|x86.ActiveCfg = Release|Win32
		{527AE686-CD0E-4BC2-9B0F-4BC4CF9621E0}.Release|x86.Build.0 = Release|Win32
		{EE16E7F2-AC27-4E30-AB22-B02A9C2380B4}.Debug|x64.ActiveCfg = Debug|x64
		{EE16E7F2-AC27-4E30-AB22-B02A9C2380B4}.Debug|x64.Build.0 = Debug|x64
		{EE16E7F2-AC27-4E30-AB22-B02A9C2380B4}.Debug|x86.ActiveCfg = Debug|Win32
		{EE16E7F2-AC27-4E30-AB22-B02A9C2380B4}.Debug|x86.Build.0 = Debug|Win32
		{EE16E7F2-AC27-4E30-AB22-B02A9C2380B4}.Release|x64.ActiveCfg = Release|x64
		{EE16E7F2-AC27-4E30-AB22-B02A9C2380B4}.Release|x64.Build.0 = Release|x64
		{EE16E7F2-AC27-4E30-AB22-B02A9C2380B4}.Release|x86.ActiveCfg = Release|Win32
		{EE16E7F2-AC27-4E30-AB22-B02A9C2380B4}.Release|x86.Build.0 = Release|Win32
		{E34CB3B0-C129-4543-A689-888562563965}.Debug|x64.ActiveCfg = Debug|x64
		{E34CB3B0-C129-4543-A689-888562563965}.Debug|x64.Build.0 = Debug|x64
		{E34CB3B0-C129-4543-A689-888562563965}.Debug|x86.ActiveCfg = Debug|Win32
		{E34CB3B0-C129-4543-A689-888562563965}.Debug|x86.Build.0 = Debug|Win32
		{E34CB3B0-C129-4543-A689-888562563965}.Release|x64.ActiveCfg = Release|x64
		{E34CB3B0-C129-4543-A689-888562563965}.Release|x64.Build.0 = Release|x64
		{E34CB3B0-C129-4543-A689-888562563965}.Release|x86.ActiveCfg = Release|Win32
		{E34CB3B0-C129-4543-A689-888562563965}.Release|x86.Build.0 = Release|Win32
		{52368076-4DE4-41E9-BFF0-90BC12F0D437}.Debug|x64.ActiveCfg = Debug|x64
		{52368076-4DE4-41E9-BFF0-90BC12F0D437}.Debug|x64.Build.0 = Debug|x64
		{52368076-4DE4-41E9-BFF0-90BC12F0D437}.Debug|x86.ActiveCfg = Debug|Win32
		{52368076-4DE4-41E9-BFF0-90BC12F0D437}.Debug|x86.Build.0 = Debug|Win32
		{52368076-4DE4-41E9-BFF0-90BC12F0D437}.Release|x64.ActiveCfg = Release|x64
		{52368076-4DE4-41E9-BFF0-90BC12F0D437}.Release|x64.Build.0 = Release|x64
		{52368076-4DE4-41E9-BFF0-90BC12F0D437}.Release|x86.ActiveCfg = Release|Win32
		{52368076-4DE4-41E9-BFF0-90BC12F0D437}.Release|x86.Build.0 = Release|Win32
		{C54326D2-6D5C-4EF0-B25D-BB77BB274189}.Debug|x64.ActiveCfg = Debug|x64
		{C54326D2-6D5C-4EF0-B25D-BB77BB274189}.Debug|x64.Build.0 = Debug|x64
		{C54326D2-6D5C-4EF0-B25D-BB77BB274189}.Debug|x86.ActiveCfg = Debug|Win32
		{C54326D2-6D5C-4EF0-B25D-BB77BB274189}.Debug|x86.Build.0 = Debug|Win32
		{C54326D2-6D5C-4EF0-B25D-BB77BB274189}.Release|x64.ActiveCfg = Release|x64
		{C54326D2-6D5C-4EF0-B25D-BB77BB274189}.Release|x64.Build.0 = Release|x64
		{C54326D2-6D5C-4EF0-B25D-BB77BB274189}.Release|x86.ActiveCfg = Release|Win32
		{C54326D2-6D5C-4EF0-B25D-BB77BB274189}.Release|x86.Build.0 = Release|Win32
		{B247A077-4411-4EE1-AB2C-04C1EED36D76}.Debug|x64.ActiveCfg = Debug|x64
		{B247A077-4411-4EE1-AB2C-04C1EED36D76}.Debug|x64.Build.0 = Debug|x64
		{B247A077-4411-4EE1-AB2C-04C1EED36D76}.Debug|x86.ActiveCfg = Debug|Win32
		{B247A077-4411-4EE1-AB2C-04C1EED36D76}.Debug|x86.Build.0 = Debug|Win32
		{B247A077-4411-4EE1-AB2C-04C1EED36D76}.Release|x64.ActiveCfg = Release|x64
		{B247A077-4411-4EE1-AB2C-04C1EED36D76}.Release|x64.Build.0 = Release|x64
		{B247A077-4411-4EE1-AB2C-04C1EED36D76}.Release|x86.ActiveCfg = Release|Win32
		{B247A077-4411-4EE1-AB2C-04C1EED36D76}.Release|x86.Build.0 = Release|Win32
		{C99EF8F0-4A17-4503-9972-8BB9BD107CA1}.Debug|x64.ActiveCfg = Debug|x64
		{C99EF8F0-4A17-4503-9972-8BB9BD107CA1}.Debug|x64.Build.0 = Debug|x64
		{C99EF8F0-4A17-4503-9972-8BB9BD107CA1}.Debug|x86.ActiveCfg = Debug|Win32
		{C99EF8F0-4A17-4503-9972-8BB9BD107CA1}.Debug|x86.Build.0 = Debug|Win32
		{C99EF8F0-4A17-4503-9972-8BB9BD107CA1}.Release|x64.ActiveCfg = Release|x64
		{C99EF8F0-4A17-4503-9972-8BB9BD107CA1}.Release|x64.Build.0 = Release|x64
		{C99EF8F0-4A17-4503-9972-8BB9BD107CA1}.Release|x86.ActiveCfg = Release|Win32
		{C99EF8F0-4A17-4503-9972-8BB9BD107CA1}.Release|x86.Build.0 = Release|Win32
		{14001AA3-707D-4C20-9343-4A50114F9575}.Debug|x64.ActiveCfg = Debug|x64
		{14001AA3-707D-4C20-9343-4A50114F9575}.Debug|x64.Build.0 = Debug|x64
		{14001AA3-707D-4C20-9343-4A50114F9575}.Debug|x86.ActiveCfg = Debug|Win32
		{14001AA3-707D-4C20-9343-4A50114F9575}.Debug|x86.Build.0 = Debug|Win32
		{14001AA3-707D-4C20-9343-4A50114F9575}.Release|x64.ActiveCfg = Release|x64
		{14001AA3-707D-4C20-9343-4A50114F9575}.Release|x64.Build.0 = Release|x64
		{14001AA3-707D-4C20-9343-4A50114F9575}.Release|x86.ActiveCfg = Release|Win32
		{14001AA3-707D-4C20-9343-4A50114F9575}.Release|x86.Build.0 = Release|Win32
		{05E490B5-F525-4B81-B588-AD9807340F0E}.Debug|x64.ActiveCfg = Debug|x64
		{05E490B5-F525-4B81-B588-AD9807340F0E}.Debug|x64.Build.0 = Debug|x64
		{05E490B5-F525-4B81-B588-AD9807340F0E}.Debug|x86.ActiveCfg = Debug|Win32
		{05E490B5-F525-4B81-B588-AD9807340F0E}.Debug|x86.Build.0 = Debug|Win32
		{05E490B5-F525-4B81-B588-AD9807340F0E}.Release|x64.ActiveCfg = Release|x64
		{05E490B5-F525-4B81-B588-AD9807340F0E}.Release|x64.Build.0 = Release|x64
		{05E490B5-F525-4B81-B588-AD9807340F0E}.Release|x86.ActiveCfg = Release|Win32
		{05E490B5-F525-4B81-B588-AD9807340F0E}.Release|x86.Build.0 = Release|Win32
		{D7FBC644-E3BA-4BEE-B896-6F81D9EEB020}.Debug|x64.ActiveCfg = Debug|x64
		{D7FBC644-E3BA-4BEE-B896-6F81D9EEB020}.Debug|x64.Build.0 = Debug|x64
		{D7FBC644-E3BA-4BEE-B896-6F81D9EEB020}.Debug|x86.ActiveCfg = Debug|Win32
		{D7FBC644-E3BA-4BEE-B896-6F81D9EEB020}.Debug|x86.Build.0 = Debug|Win32
		{D7FBC644-E3BA-4BEE-B896-6F81D9EEB020}.Release|x64.ActiveCfg = Release|x64
		{D7FBC644-E3BA-4BEE-B896-6F81D9EEB020}.Release|x64.Build.0 = Release|x64
		{D7FBC644-E3BA-4BEE-B896-6F81D9EEB020}.Release|x86.ActiveCfg = Release|Win32
		{D7FBC644-E3BA-4BEE-B896-6F81D9EEB020}.Release|x86.Build.0 = Release|Win32
		{CB4C173A-4F2E-4A63-9BA3-5F130B43604B}.Debug|x64.ActiveCfg = Debug|x64
		{CB4C173A-4F2E-4A63-9BA3-5F130B43604B}.Debug|x64.Build.0 = Debug|x64
		{CB4C173A-4F2E-4A63-9BA3-5F130B43604B}.Debug|x86.ActiveCfg = Debug|Win32
		{CB4C173A-4F2E-4A63-9BA3-5F130B43604B}.Debug|x86.Build.0 = Debug|Win32
		{CB4C173A-4F2E-4A63-9BA3-5F130B43604B}.Release|x64.ActiveCfg = Release|x64
		{CB4C173A-4F2E-4A63-9BA3-5F130B43604B}.Release|x64.Build.0 = Release|x64
		{CB4C173A-4F2E-4A63-9BA3-5F130B43604B}.Release|x86.ActiveCfg = Release|Win32
		{CB4C173A-4F2E-4A63-9BA3-5F130B43604B}.Release|x86.Build.0 = Release|Win32
		{EF0F59A3-0EE9-44CE-9457-B621B6FC50EB}.Debug|x64.ActiveCfg = Debug|x64
		{EF0F59A3-0EE9-44CE-9457-B621B6FC50EB}.Debug|x64.Build.0 = Debug|x64
		{EF0F59A3-0EE9-44CE-9457-B621B6FC50EB}.Debug|x86.ActiveCfg = Debug|Win32
		{EF0F59A3-0EE9-44CE-9457-B621B6FC50EB}.Debug|x86.Build.0 = Debug|Win32
		{EF0F59A3-0EE9-44CE-9457-B621B6FC50EB}.Release|x64.ActiveCfg = Release|x64
		{EF0F59A3-0EE9-44CE-9457-B621B6FC50EB}.Release|x64.Build.0 = Release|x64
		{EF0F59A3-0EE9-44CE-9457-B621B6FC50EB}.Release|x86.ActiveCfg = Release|Win32
		{EF0F59A3-0EE9-44CE-9457-B621B6FC50EB}.Release|x86.Build.0 = Release|Win32
		{C295C08A-5ACD-4244-A519-B567CE13D345}.Debug|x64.ActiveCfg = Debug|x64
		{C295C08A-5ACD-4244-A519-B567CE13D345}.Debug|x64.Build.0 = Debug|x64
		{C295C08A-5ACD-4244-A519-B567CE13D345}.Debug|x86.ActiveCfg = Debug|Win32
		{C295C08A-5ACD-4244-A519-B567CE13D345}.Debug|x86.Build.0 = Debug|Win32
		{C295C08A-5ACD-4244-A519-B567CE13D345}.Release|x64.ActiveCfg = Release|x64
		{C295C08A-5ACD-4244-A519-B567CE13D345}.Release|x64.Build.0 = Release|x64
		{C295C08A-5ACD-4244-A519-B567CE13D345}.Release|x86.ActiveCfg = Release|Win32
		{C295C08A-5ACD-4244-A519-B567CE13D345}.Release|x86.Build.0 = Release|Win32
		{2A7EF89F-D254-4D6D-8563-F4C3504AB4A7}.Debug|x64.ActiveCfg = Debug|x64
		{2A7EF89F-D254-4D6D-8563-F4C3504AB4A7}.Debug|x64.Build.0 = Debug|x64
		{2A7EF89F-D254-4D6D-8563-F4C3504AB4A7}.Debug|x86.ActiveCfg = Debug|Win32
		{2A7EF89F-D254-4D6D-8563-F4C3504AB4A7}.Debug|x86.Build.0 = Debug|Win32
		{2A7EF89F-D254-4D6D-8563-F4C3504AB4A7}.Release|x64.ActiveCfg = Release|x64
		{2A7EF89F-D254-4D6D-8563-F4C3504AB4A7}.Release|x64.Build.0 = Release|x64
		{2A7EF89F-D254-4D6D-8563-F4C3504AB4A7}.Release|x86.ActiveCfg = Release|Win32
		{2A7EF89F-D254-4D6D-8563-F4C3504AB4A7}.Release|x86.Build.0 = Release|Win32
		{53C55478-5683-42D2-9A6F-D5998D1D0ECC}.Debug|x64.ActiveCfg = Debug|x64
		{53C55478-5683-42D2-9A6F-D5998D1D0ECC}.Debug|x64.Build.0 = Debug|x64
		{53C55478-5683-42D2-9A6F-D5998D1D0ECC}.Debug|x86.ActiveCfg = Debug|Win32
		{53C55478-5683-42D2-9A6F-D5998D1D0ECC}.Debug|x86.Build.0 = Debug|Win32
		{53C55478-5683-42D2-9A6F-D5998D1D0ECC}.Release|x64.ActiveCfg = Release|x64
		{53C55478-5683-42D2-9A6F-D5998D1D0ECC}.Release|x64.Build.0 = Release|x64
		{53C55478-5683-42D2-9A6F-D5998D1D0ECC}.Release|x86.ActiveCfg = Release|Win32
		{53C55478-5683-42D2-9A6F-D5998D1D0ECC}.Release|x86.Build.0 = Release|Win32
		{C524F5B4-EDB1-4622-8EA5-8CA9DFACA09D}.Debug|x64.ActiveCfg = Debug|x64
		{C524F5B4-EDB1-4622-8EA5-8CA9DFACA09D}.Debug|x64.Build.0 = Debug|x64
		{C524F5B4-EDB1-4622-8EA5-8CA9DFACA09D}.Debug|x86.ActiveCfg = Debug|Win32
		{C524F5B4-EDB1-4622-8EA5-8CA9DFACA09D}.Debug|x86.Build.0 = Debug|Win32
		{C524F5B4-EDB1-4622-8EA5-8CA9DFACA09D}.Release|x64.ActiveCfg = Release|x64
		{C524F5B4-EDB1-4622-8EA5-8CA9DFACA09D}.Release|x64.Build.0 = Release|x64
		{C524F5B4-EDB1-4622-8EA5-8CA9DFACA09D}.Release|x86.ActiveCfg = Release|Win32
		{C524F5B4-EDB1-4622-8EA5-8CA9DFACA09D}.Release|x86.Build.0 = Release|Win32
		{D5F1A4D4-C23A-47EF-91E9-E2C08F6E31B2}.Debug|x64.ActiveCfg = Debug|x64
		{D5F1A4D4-C23A-47EF-91E9-E2C08F6E31B2}.Debug|x64.Build.0 = Debug|x64
		{D5F1A4D4-C23A-47EF-91E9-E2C08F6E31B2}.Debug|x86.ActiveCfg = Debug|Win32
		{D5F1A4D4-C23A-47EF-91E9-E2C08F6E31B2}.Debug|x86.Build.0 = Debug|Win32
		{D5F1A4D4-C23A-47EF-91E9-E2C08F6E31B2}.Release|x64.ActiveCfg = Release|x64
		{D5F1A4D4-C23A-47EF-91E9-E2C08F6E31B2}.Release|x64.Build.0 = Release|x64
		{D5F1A4D4-C23A-47EF-91E9-E2C08F6E31B2}.Release|x86.ActiveCfg = Release|Win32
		{D5F1A4D4-C23A-47EF-91E9-E2C08F6E31B2}.Release|x86.Build.0 = Release|Win32
		{10E88C2B-E98B-4EAA-AA34-9CA59136BBFD}.Debug|x64.ActiveCfg = Debug|x64
		{10E88C2B-E98B-4EAA-AA34-9CA59136BBFD}.Debug|x64.Build.0 = Debug|x64
		{10E88C2B-E98B-4EAA-AA34-9CA59136BBFD}.Debug|x86.ActiveCfg = Debug|Win32
		{10E88C2B-E98B-4EAA-AA34-9CA59136BBFD}.Debug|x86.Build.0 = Debug|Win32
		{10E88C2B-E98B-4EAA-AA34-9CA59136BBFD}.Release|x64.ActiveCfg = Release|x64
		{10E88C2B-E98B-4EAA-AA34-9CA59136BBFD}.Release|x64.Build.0 = Release|x64
		{10E88C2B-E98B-4EAA-AA34-9CA59136BBFD}.Release|x86.ActiveCfg = Release|Win32
		{10E88C2B-E98B-4EAA-AA34-9CA59136BBFD}.Release|x86.Build.0 = Release|Win32
		{1F5B7A30-B170-4D4C-89F8-33E4A24CF9CE}.Debug|x64.ActiveCfg = Debug|x64
		{1F5B7A30-B170-4D4C-89F8-33E4A24CF9CE}.Debug|x64.Build.0 = Debug|x64
		{1F5B7A30-B170-4D4C-89F8-33E4A24CF9CE}.Debug|x86.ActiveCfg = Debug|Win32
		{1F5B7A30-B170-4D4C-89F8-33E4A24CF9CE}.Debug|x86.Build.0 = Debug|Win32
		{1F5B7A30-B170-4D4C-89F8-33E4A24CF9CE}.Release|x64.ActiveCfg = Release|x64
		{1F5B7A30-B170-4D4C-89F8-33E4A24CF9CE}.Release|x64.Build.0 = Release|x64
		{1F5B7A30-B170-4D4C-89F8-33E4A24CF9CE}.Release|x86.ActiveCfg = Release|Win32
		{1F5B7A30-B170-4D4C-89F8-33E4A24CF9CE}.Release|x86.Build.0 = Release|Win32
		{85BB4A0B-C219-42A5-BDA1-79CF05B5A5A1}.Debug|x64.ActiveCfg = Debug|x64
		{85BB4A0B-C219-42A5-BDA1-79CF05B5A5A1}.Debug|x64.Build.0 = Debug|x64
		{85BB4A0B-C219-42A5-BDA1-79CF05B5A5A1}.Debug|x86.ActiveCfg = Debug|Win32
		{85BB4A0B-C219-42A5-BDA1-79CF05B5A5A1}.Debug|x86.Build.0 = Debug|Win32
		{85BB4A0B-C219-42A5-BDA1-79CF05B5A5A1}.Release|x64.ActiveCfg = Release|x64
		{85BB4A0B-C219-42A5-BDA1-79CF05B5A5A1}.Release|x64.Build.0 = Release|x64
		{85BB4A0B-C219-42A5-BDA1-79CF05B5A5A1}.Release|x86.ActiveCfg = Release|Win32
		{85BB4A0B-C219-42A5-BDA1-79CF05B5A5A1}.Release|x86.Build.0 = Release|Win32
		{E775C6D0-C295-4D09-9ADC-60FC95526993}.Debug|x64.ActiveCfg = Debug|x64
		{E775C6D0-C295-4D09-9ADC-60FC95526993}.Debug|x64.Build.0 = Debug|x64
		{E775C6D0-C295-4D09-9ADC-60FC95526993}.Debug|x86.ActiveCfg = Debug|Win32
		{E775C6D0-C295-4D09-9ADC-60FC95526993}.Debug|x86.Build.0 = Debug|Win32
		{E775C6D0-C295-4D09-9ADC-60FC95526993}.Release|x64.ActiveCfg = Release|x64
		{E775C6D0-C295-4D09-9ADC-60FC95526993}.Release|x64.Build.0 = Release|x64
		{E775C6D0-C295-4D09-9ADC-60FC95526993}.Release|x86.ActiveCfg = Release|Win32
		{E775C6D0-C295-4D09-9ADC-60FC95526993}.Release|x86.Build.0 = Release|Win32
		{9A38E78A-971B-4D7B-89F3-5A05B517EA76}.Debug|x64.ActiveCfg = Debug|x64
		{9A38E78A-971B-4D7B-89F3-5A05B517EA76}.Debug|x64.Build.0 = Debug|x64
		{9A38E78A-971B-4D7B-89F3-5A05B517EA76}.Debug|x86.ActiveCfg = Debug|Win32
		{9A38E78A-971B-4D7B-89F3-5A05B517EA76}.Debug|x86.Build.0 = Debug|Win32
		{9A38E78A-971B-4D7B-89F3-5A05B517EA76}.Release|x64.ActiveCfg = Release|x64
		{9A38E78A-971B-4D7B-89F3-5A05B517EA76}.Release|x64.Build.0 = Release|x64
		{9A38E78A-971B-4D7B-89F3-5A05B517EA76}.Release|x86.ActiveCfg = Release|Win32
		{9A38E78A-971B-4D7B-89F3-5A05B517EA76}.Release|x86.Build.0 = Release|Win32
		{6F22FD3C-EAC0-4BF0-A7DE-3B92695666EB}.Debug|x64.ActiveCfg = Debug|x64
		{6F22FD3C-EAC0-4BF0-A7DE-3B92695666EB}.Debug|x64.Build.0 = Debug|x64
		{6F22FD3C-EAC0-4BF0-A7DE-3B92695666EB}.Debug|x86.ActiveCfg = Debug|Win32
		{6F22FD3C-EAC0-4BF0-A7DE-3B92695666EB}.Debug|x86.Build.0 = Debug|Win32
		{6F22FD3C-EAC0-4BF0-A7DE-3B92695666EB}.Release|x64.ActiveCfg = Release|x64
		{6F22FD3C-EAC0-4BF0-A7DE-3B92695666EB}.Release|x64.Build.0 = Release|x64
		{6F22FD3C-EAC0-4BF0-A7DE-3B92695666EB}.Release|x86.ActiveCfg = Release|Win32
		{6F22FD3C-EAC0-4BF0-A7DE-3B92695666EB}.Release|x86.Build.0 = Release|Win32
		{691929A2-CBD1-4DC4-AB0B-AEE444EF6A68}.Debug|x64.ActiveCfg = Debug|x64
		{691929A2-CBD1-4DC4-AB0B-AEE444EF6A68}.Debug|x64.Build.0 = Debug|x64
		{691929A2-CBD1-4DC4-AB0B-AEE444EF6A68}.Debug|x86.ActiveCfg = Debug|Win32
		{691929A2-CBD1-4DC4-AB0B-AEE444EF6A68}.Debug|x86.Build.0 = Debug|Win32
		{691929A2-CBD1-4DC4-AB0B-AEE444EF6A68}.Release|x64.ActiveCfg = Release|x64
		{691929A2-CBD1-4DC4-AB0B-AEE444EF6A68}.Release|x64.Build.0 = Release|x64
		{691929A2-CBD1-4DC4-AB0B-AEE444EF6A68}.Release|x86.ActiveCfg = Release|Win32
		{691929A2-CBD1-4DC4-AB0B-AEE444EF6A68}.Release|x86.Build.0 = Release|Win32
		{1B0DA277-255F-4E73-AC59-5EE204E15811}.Debug|x64.ActiveCfg = Debug|x64
		{1B0DA277-255F-4E73-AC59-5EE204E15811}.Debug|x64.Build.0 = Debug|x64
		{1B0DA277-255F-4E73-AC59-5EE204E15811}.Debug|x86.ActiveCfg = Debug|Win32
		{1B0DA277-255F-4E73-AC59-5EE204E15811}.Debug|x86.Build.0 = Debug|Win32
		{1B0DA277-255F-4E73-AC59-5EE204E15811}.Release|x64.ActiveCfg = Release|x64
		{1B0DA277-255F-4E73-AC59-5EE204E15811}.Release|x64.Build.0 = Release|x64
		{1B0DA277-255F-4E73-AC59-5EE204E15811}.Release|x86.ActiveCfg = Release|Win32
		{1B0DA277-255F-4E73-AC59-5EE204E15811}.Release|x86.Build.0 = Release|Win32
		{838A6A6C-5CDC-4A4E-B9EE-409709DC5188}.Debug|x64.ActiveCfg = Debug|x64
		{838A6A6C-5CDC-4A4E-B9EE-409709DC5188}.Debug|x64.Build.0 = Debug|x64
		{838A6A6C-5CDC-4A4E-B9EE-409709DC5188}.Debug|x86.ActiveCfg = Debug|Win32
		{838A6A6C-5CDC-4A4E-B9EE-409709DC5188}.Debug|x86.Build.0 = Debug|Win32
		{838A6A6C-5CDC-4A4E-B9EE-409709DC5188}.Release|x64.ActiveCfg = Release|x64
		{838A6A6C-5CDC-4A4E-B9EE-409709DC5188}.Release|x64.Build.0 = Release|x64
		{838A6A6C-5CDC-4A4E-B9EE-409709DC5188}.Release|x86.ActiveCfg = Release|Win32
		{838A6A6C-5CDC-4A4E-B9EE-409709DC5188}.Release|x86.Build.0 = Release|Win32
		{8A0C3E13-8F0C-44AC-BE42-B6FBACC8A841}.Debug|x64.ActiveCfg = Debug|x64
		{8A0C3E13-8F0C-44AC-BE42-B6FBACC8A841}.Debug|x64.Build.0 = Debug|x64
		{8A0C3E13-8F0C-44AC-BE42-B6FBACC8A841}.Debug|x86.ActiveCfg = Debug|Win32
		{8A0C3E13-8F0C-44AC-BE42-B6FBACC8A841}.Debug|x86.Build.0 = Debug|Win32
		{8A0C3E13-8F0C-44AC-BE42-B6FBACC8A841}.Release|x64.ActiveCfg = Release|x64
		{8A0C3E13-8F0C-44AC-BE42-B6FBACC8A841}.Release|x64.Build.0 = Release|x64
		{8A0C3E13-8F0C-44AC-BE42-B6FBACC8A841}.Release|x86.ActiveCfg = Release|Win32
		{8A0C3E13-8F0C-44AC-BE42-B6FBACC8A841}.Release|x86.Build.0 = Release|Win32
		{64C34ED6-EC5F-4690-B91D-393444071601}.Debug|x64.ActiveCfg = Debug|x64
		{64C34ED6-EC5F-4690-B91D-393444071601}.Debug|x64.Build.0 = Debug|x64
		{64C34ED6-EC5F-4690-B91D-393444071601}.Debug|x86.ActiveCfg = Debug|Win32
		{64C34ED6-EC5F-4690-B91D-393444071601}.Debug|x86.Build.0 = Debug|Win32
		{64C34ED6-EC5F-4690-B91D-393444071601}.Release|x64.ActiveCfg = Release|x64
		{64C34ED6-EC5F-4690-B91D-393444071601}.Release|x64.Build.0 = Release|x64
		{64C34ED6-EC5F-4690-B91D-393444071601}.Release|x86.ActiveCfg = Release|Win32
		{64C34ED6-EC5F-4690-B91D-393444071601}.Release|x86.Build.0 = Release|Win32
		{E6694D68-7D6C-4540-9833-E90B535B0CD3}.Debug|x64.ActiveCfg = Debug|x64
		{E6694D68-7D6C-4540-9833-E90B535B0CD3}.Debug|x64.Build.0 = Debug|x64
		{E6694D68-7D6C-4540-9833-E90B535B0CD3}.Debug|x86.ActiveCfg = Debug|Win32
		{E6694D68-7D6C-4540-9833-E90B535B0CD3}.Debug|x86.Build.0 = Debug|Win32
		{E6694D68-7D6C-4540-9833-E90B535B0CD3}.Release|x64.ActiveCfg = Release|x64
		{E6694D68-7D6C-4540-9833-E90B535B0CD3}.Release|x64.Build.0 = Release|x64
		{E6694D68-7D6C-4540-9833-E90B535B0CD3}.Release|x86.ActiveCfg = Release|Win32
		{E6694D68-7D6C-4540-9833-E90B535B0CD3}.Release|x86.Build.0 = Release|Win32
	EndGlobalSection
	GlobalSection(SolutionProperties) = preSolution
		HideSolutionNode = FALSE
	EndGlobalSection
	GlobalSection(NestedProjects) = preSolution
		{75352A45-BCB8-4774-8C66-3AF9EA6B6B42} = {3D82DA5A-AC7F-42CC-8F68-0B7D701C1140}
		{527AE686-CD0E-4BC2-9B0F-4BC4CF9621E0} = {3D82DA5A-AC7F-42CC-8F68-0B7D701C1140}
		{EE16E7F2-AC27-4E30-AB22-B02A9C2380B4} = {3D82DA5A-AC7F-42CC-8F68-0B7D701C1140}
		{E34CB3B0-C129-4543-A689-888562563965} = {BD71AAE2-2013-4CBF-A6C8-8FEA7ECDC77D}
		{52368076-4DE4-41E9-BFF0-90BC12F0D437} = {BD71AAE2-2013-4CBF-A6C8-8FEA7ECDC77D}
		{C54326D2-6D5C-4EF0-B25D-BB77BB274189} = {BD71AAE2-2013-4CBF-A6C8-8FEA7ECDC77D}
		{B247A077-4411-4EE1-AB2C-04C1EED36D76} = {BD71AAE2-2013-4CBF-A6C8-8FEA7ECDC77D}
		{C99EF8F0-4A17-4503-9972-8BB9BD107CA1} = {BD71AAE2-2013-4CBF-A6C8-8FEA7ECDC77D}
		{14001AA3-707D-4C20-9343-4A50114F9575} = {BD71AAE2-2013-4CBF-A6C8-8FEA7ECDC77D}
		{05E490B5-F525-4B81-B588-AD9807340F0E} = {BD71AAE2-2013-4CBF-A6C8-8FEA7ECDC77D}
		{D7FBC644-E3BA-4BEE-B896-6F81D9EEB020} = {BD71AAE2-2013-4CBF-A6C8-8FEA7ECDC77D}
		{CB4C173A-4F2E-4A63-9BA3-5F130B43604B} = {BD71AAE2-2013-4CBF-A6C8-8FEA7ECDC77D}
		{EF0F59A3-0EE9-44CE-9457-B621B6FC50EB} = {BD71AAE2-2013-4CBF-A6C8-8FEA7ECDC77D}
		{C295C08A-5ACD-4244-A519-B567CE13D345} = {BD71AAE2-2013-4CBF-A6C8-8FEA7ECDC77D}
		{2A7EF89F-D254-4D6D-8563-F4C3504AB4A7} = {BD71AAE2-2013-4CBF-A6C8-8FEA7ECDC77D}
		{53C55478-5683-42D2-9A6F-D5998D1D0ECC} = {BD71AAE2-2013-4CBF-A6C8-8FEA7ECDC77D}
		{C524F5B4-EDB1-4622-8EA5-8CA9DFACA09D} = {BD71AAE2-2013-4CBF-A6C8-8FEA7ECDC77D}
		{D5F1A4D4-C23A-47EF-91E9-E2C08F6E31B2} = {BD71AAE2-2013-4CBF-A6C8-8FEA7ECDC77D}
		{10E88C2B-E98B-4EAA-AA34-9CA59136BBFD} = {BD71AAE2-2013-4CBF-A6C8-8FEA7ECDC77D}
		{1F5B7A30-B170-4D4C-89F8-33E4A24CF9CE} = {3D82DA5A-AC7F-42CC-8F68-0B7D701C1140}
		{85BB4A0B-C219-42A5-BDA1-79CF05B5A5A1} = {BD71AAE2-2013-4CBF-A6C8-8FEA7ECDC77D}
		{E775C6D0-C295-4D09-9ADC-60FC95526993} = {BD71AAE2-2013-4CBF-A6C8-8FEA7ECDC77D}
		{9A38E78A-971B-4D7B-89F3-5A05B517EA76} = {BD71AAE2-2013-4CBF-A6C8-8FEA7ECDC77D}
		{6F22FD3C-EAC0-4BF0-A7DE-3B92695666EB} = {3D82DA5A-AC7F-42CC-8F68-0B7D701C1140}
		{691929A2-CBD1-4DC4-AB0B-AEE444EF6A68} = {BD71AAE2-2013-4CBF-A6C8-8FEA7ECDC77D}
		{1B0DA277-255F-4E73-AC59-5EE204E15811} = {BD71AAE2-2013-4CBF-A6C8-8FEA7ECDC77D}
		{838A6A6C-5CDC-4A4E-B9EE-409709DC5188} = {BD71AAE2-2013-4CBF-A6C8-8FEA7ECDC77D}
		{8A0C3E13-8F0C-44AC-BE42-B6FBACC8A841} = {BD71AAE2-2013-4CBF-A6C8-8FEA7ECDC77D}
		{64C34ED6-EC5F-4690-B91D-393444071601} = {BD71AAE2-2013-4CBF-A6C8-8FEA7ECDC77D}
		{E6694D68-7D6C-4540-9833-E90B535B0CD3} = {BD71AAE2-2013-4CBF-A6C8-8FEA7ECDC77D}
	EndGlobalSection
	GlobalSection(ExtensibilityGlobals) = postSolution
		SolutionGuid = {22F8E3CD-A6BA-4F08-9695-1B4A2EE751B2}
	EndGlobalSection
EndGlobal
